Microsoft Visual Studio Solution File, Format Version 12.00
# Visual Studio Version 17
VisualStudioVersion = 17.5.2.0
MinimumVisualStudioVersion = 10.0.40219.1
Project("{FAE04EC0-301F-11D3-BF4B-00C04F79EFBC}") = "gitPractice", "gitPractice.csproj", "{EFDB42B9-07C8-E87E-F0CF-318734F1CDF3}"
EndProject
Global
	GlobalSection(SolutionConfigurationPlatforms) = preSolution
		Debug|Any CPU = Debug|Any CPU
		Release|Any CPU = Release|Any CPU
	EndGlobalSection
	GlobalSection(ProjectConfigurationPlatforms) = postSolution
		{EFDB42B9-07C8-E87E-F0CF-318734F1CDF3}.Debug|Any CPU.ActiveCfg = Debug|Any CPU
		{EFDB42B9-07C8-E87E-F0CF-318734F1CDF3}.Debug|Any CPU.Build.0 = Debug|Any CPU
		{EFDB42B9-07C8-E87E-F0CF-318734F1CDF3}.Release|Any CPU.ActiveCfg = Release|Any CPU
		{EFDB42B9-07C8-E87E-F0CF-318734F1CDF3}.Release|Any CPU.Build.0 = Release|Any CPU
	EndGlobalSection
	GlobalSection(SolutionProperties) = preSolution
		HideSolutionNode = FALSE
	EndGlobalSection
	GlobalSection(ExtensibilityGlobals) = postSolution
		SolutionGuid = {062E98CE-5D1F-45B6-A5E2-1D0F2D09C465}
	EndGlobalSection
EndGlobal
